
Microsoft Visual Studio Solution File, Format Version 12.00
# Visual Studio Version 17
VisualStudioVersion = 17.0.31903.59
MinimumVisualStudioVersion = 10.0.40219.1
Project("{FAE04EC0-301F-11D3-BF4B-00C04F79EFBC}") = "SPPDogApiWrapper", "SPPDogApiWrapper\SPPDogApiWrapper.csproj", "{C3328A4F-8809-4DD5-97C3-BC4DE990EB39}"
EndProject
Project("{FAE04EC0-301F-11D3-BF4B-00C04F79EFBC}") = "DataAccess", "DataAccess\DataAccess.csproj", "{33D71791-FDE6-459A-B495-01AB26C68402}"
EndProject
Project("{FAE04EC0-301F-11D3-BF4B-00C04F79EFBC}") = "SPPConsole", "SPPConsole\SPPConsole.csproj", "{F6A49993-1E93-4B66-8C40-382EA563EC96}"
EndProject
Project("{FAE04EC0-301F-11D3-BF4B-00C04F79EFBC}") = "TestApi", "TestApi\TestApi.csproj", "{BF5AFA2F-F06C-4F80-967D-2832EA2C338A}"
EndProject
Global
	GlobalSection(SolutionConfigurationPlatforms) = preSolution
		Debug|Any CPU = Debug|Any CPU
		Release|Any CPU = Release|Any CPU
	EndGlobalSection
	GlobalSection(SolutionProperties) = preSolution
		HideSolutionNode = FALSE
	EndGlobalSection
	GlobalSection(ProjectConfigurationPlatforms) = postSolution
		{C3328A4F-8809-4DD5-97C3-BC4DE990EB39}.Debug|Any CPU.ActiveCfg = Debug|Any CPU
		{C3328A4F-8809-4DD5-97C3-BC4DE990EB39}.Debug|Any CPU.Build.0 = Debug|Any CPU
		{C3328A4F-8809-4DD5-97C3-BC4DE990EB39}.Release|Any CPU.ActiveCfg = Release|Any CPU
		{C3328A4F-8809-4DD5-97C3-BC4DE990EB39}.Release|Any CPU.Build.0 = Release|Any CPU
		{33D71791-FDE6-459A-B495-01AB26C68402}.Debug|Any CPU.ActiveCfg = Debug|Any CPU
		{33D71791-FDE6-459A-B495-01AB26C68402}.Debug|Any CPU.Build.0 = Debug|Any CPU
		{33D71791-FDE6-459A-B495-01AB26C68402}.Release|Any CPU.ActiveCfg = Release|Any CPU
		{33D71791-FDE6-459A-B495-01AB26C68402}.Release|Any CPU.Build.0 = Release|Any CPU
		{F6A49993-1E93-4B66-8C40-382EA563EC96}.Debug|Any CPU.ActiveCfg = Debug|Any CPU
		{F6A49993-1E93-4B66-8C40-382EA563EC96}.Debug|Any CPU.Build.0 = Debug|Any CPU
		{F6A49993-1E93-4B66-8C40-382EA563EC96}.Release|Any CPU.ActiveCfg = Release|Any CPU
		{F6A49993-1E93-4B66-8C40-382EA563EC96}.Release|Any CPU.Build.0 = Release|Any CPU
		{BF5AFA2F-F06C-4F80-967D-2832EA2C338A}.Debug|Any CPU.ActiveCfg = Debug|Any CPU
		{BF5AFA2F-F06C-4F80-967D-2832EA2C338A}.Debug|Any CPU.Build.0 = Debug|Any CPU
		{BF5AFA2F-F06C-4F80-967D-2832EA2C338A}.Release|Any CPU.ActiveCfg = Release|Any CPU
		{BF5AFA2F-F06C-4F80-967D-2832EA2C338A}.Release|Any CPU.Build.0 = Release|Any CPU
	EndGlobalSection
EndGlobal
